
Microsoft Visual Studio Solution File, Format Version 12.00
# Visual Studio 15
VisualStudioVersion = 15.0.27130.2027
MinimumVisualStudioVersion = 10.0.40219.1
Project("{FAE04EC0-301F-11D3-BF4B-00C04F79EFBC}") = "BinaryGap", "BinaryGap\BinaryGap.csproj", "{88AC948E-00ED-46EB-BF39-A843E8F76981}"
EndProject
Project("{FAE04EC0-301F-11D3-BF4B-00C04F79EFBC}") = "CyclicRotation", "CyclicRotation\CyclicRotation.csproj", "{A131282F-D7A3-4F8E-8614-E9EAF26009EB}"
EndProject
Project("{2150E333-8FDC-42A3-9474-1A3956D46DE8}") = "Solution Items", "Solution Items", "{D5AA2D0B-3839-41EB-9F44-B92FA949698A}"
	ProjectSection(SolutionItems) = preProject
		README.md = README.md
	EndProjectSection
EndProject
Project("{9A19103F-16F7-4668-BE54-9A1E7A4F7556}") = "OddOccurrencesInArray", "OddOccurrencesInArray\OddOccurrencesInArray.csproj", "{D09662B9-5E88-4C80-896B-92762AF582BA}"
EndProject
Project("{FAE04EC0-301F-11D3-BF4B-00C04F79EFBC}") = "PermMissingElem", "PermMissingElem\PermMissingElem.csproj", "{FC37E609-C093-4E59-8925-FB06C5AB03FC}"
EndProject
Project("{FAE04EC0-301F-11D3-BF4B-00C04F79EFBC}") = "FrogJmp", "FrogJmp\FrogJmp.csproj", "{E3A3BB27-3D8B-4D83-A856-3C332B72C40F}"
EndProject
Project("{FAE04EC0-301F-11D3-BF4B-00C04F79EFBC}") = "TapeEquilibrium", "TapeEquilibrium\TapeEquilibrium.csproj", "{5F210B7D-74DF-45A8-8828-0E878C4ACE21}"
EndProject
Project("{FAE04EC0-301F-11D3-BF4B-00C04F79EFBC}") = "PermCheck", "PermCheck\PermCheck.csproj", "{88643B81-702C-4389-97A2-ACD4816B9766}"
EndProject
Project("{FAE04EC0-301F-11D3-BF4B-00C04F79EFBC}") = "FrogRiverOne", "FrogRiverOne\FrogRiverOne.csproj", "{EDBDD45E-0229-4E90-B47D-C41BD429D8D8}"
EndProject
Global
	GlobalSection(SolutionConfigurationPlatforms) = preSolution
		Debug|Any CPU = Debug|Any CPU
		Release|Any CPU = Release|Any CPU
	EndGlobalSection
	GlobalSection(ProjectConfigurationPlatforms) = postSolution
		{88AC948E-00ED-46EB-BF39-A843E8F76981}.Debug|Any CPU.ActiveCfg = Debug|Any CPU
		{88AC948E-00ED-46EB-BF39-A843E8F76981}.Debug|Any CPU.Build.0 = Debug|Any CPU
		{88AC948E-00ED-46EB-BF39-A843E8F76981}.Release|Any CPU.ActiveCfg = Release|Any CPU
		{88AC948E-00ED-46EB-BF39-A843E8F76981}.Release|Any CPU.Build.0 = Release|Any CPU
		{A131282F-D7A3-4F8E-8614-E9EAF26009EB}.Debug|Any CPU.ActiveCfg = Debug|Any CPU
		{A131282F-D7A3-4F8E-8614-E9EAF26009EB}.Debug|Any CPU.Build.0 = Debug|Any CPU
		{A131282F-D7A3-4F8E-8614-E9EAF26009EB}.Release|Any CPU.ActiveCfg = Release|Any CPU
		{A131282F-D7A3-4F8E-8614-E9EAF26009EB}.Release|Any CPU.Build.0 = Release|Any CPU
		{D09662B9-5E88-4C80-896B-92762AF582BA}.Debug|Any CPU.ActiveCfg = Debug|Any CPU
		{D09662B9-5E88-4C80-896B-92762AF582BA}.Debug|Any CPU.Build.0 = Debug|Any CPU
		{D09662B9-5E88-4C80-896B-92762AF582BA}.Release|Any CPU.ActiveCfg = Release|Any CPU
		{D09662B9-5E88-4C80-896B-92762AF582BA}.Release|Any CPU.Build.0 = Release|Any CPU
		{FC37E609-C093-4E59-8925-FB06C5AB03FC}.Debug|Any CPU.ActiveCfg = Debug|Any CPU
		{FC37E609-C093-4E59-8925-FB06C5AB03FC}.Debug|Any CPU.Build.0 = Debug|Any CPU
		{FC37E609-C093-4E59-8925-FB06C5AB03FC}.Release|Any CPU.ActiveCfg = Release|Any CPU
		{FC37E609-C093-4E59-8925-FB06C5AB03FC}.Release|Any CPU.Build.0 = Release|Any CPU
		{E3A3BB27-3D8B-4D83-A856-3C332B72C40F}.Debug|Any CPU.ActiveCfg = Debug|Any CPU
		{E3A3BB27-3D8B-4D83-A856-3C332B72C40F}.Debug|Any CPU.Build.0 = Debug|Any CPU
		{E3A3BB27-3D8B-4D83-A856-3C332B72C40F}.Release|Any CPU.ActiveCfg = Release|Any CPU
		{E3A3BB27-3D8B-4D83-A856-3C332B72C40F}.Release|Any CPU.Build.0 = Release|Any CPU
		{5F210B7D-74DF-45A8-8828-0E878C4ACE21}.Debug|Any CPU.ActiveCfg = Debug|Any CPU
		{5F210B7D-74DF-45A8-8828-0E878C4ACE21}.Debug|Any CPU.Build.0 = Debug|Any CPU
		{5F210B7D-74DF-45A8-8828-0E878C4ACE21}.Release|Any CPU.ActiveCfg = Release|Any CPU
		{5F210B7D-74DF-45A8-8828-0E878C4ACE21}.Release|Any CPU.Build.0 = Release|Any CPU
		{88643B81-702C-4389-97A2-ACD4816B9766}.Debug|Any CPU.ActiveCfg = Debug|Any CPU
		{88643B81-702C-4389-97A2-ACD4816B9766}.Debug|Any CPU.Build.0 = Debug|Any CPU
		{88643B81-702C-4389-97A2-ACD4816B9766}.Release|Any CPU.ActiveCfg = Release|Any CPU
		{88643B81-702C-4389-97A2-ACD4816B9766}.Release|Any CPU.Build.0 = Release|Any CPU
		{EDBDD45E-0229-4E90-B47D-C41BD429D8D8}.Debug|Any CPU.ActiveCfg = Debug|Any CPU
		{EDBDD45E-0229-4E90-B47D-C41BD429D8D8}.Debug|Any CPU.Build.0 = Debug|Any CPU
		{EDBDD45E-0229-4E90-B47D-C41BD429D8D8}.Release|Any CPU.ActiveCfg = Release|Any CPU
		{EDBDD45E-0229-4E90-B47D-C41BD429D8D8}.Release|Any CPU.Build.0 = Release|Any CPU
	EndGlobalSection
	GlobalSection(SolutionProperties) = preSolution
		HideSolutionNode = FALSE
	EndGlobalSection
	GlobalSection(ExtensibilityGlobals) = postSolution
		SolutionGuid = {A791B54B-BA2E-4968-AA0C-EB69D24F537F}
	EndGlobalSection
EndGlobal
