
Microsoft Visual Studio Solution File, Format Version 12.00
# Visual Studio 15
VisualStudioVersion = 15.0.27130.2027
MinimumVisualStudioVersion = 10.0.40219.1
Project("{FAE04EC0-301F-11D3-BF4B-00C04F79EFBC}") = "BinaryGap", "BinaryGap\BinaryGap.csproj", "{88AC948E-00ED-46EB-BF39-A843E8F76981}"
EndProject
Project("{FAE04EC0-301F-11D3-BF4B-00C04F79EFBC}") = "CyclicRotation", "CyclicRotation\CyclicRotation.csproj", "{A131282F-D7A3-4F8E-8614-E9EAF26009EB}"
EndProject
Global
	GlobalSection(SolutionConfigurationPlatforms) = preSolution
		Debug|Any CPU = Debug|Any CPU
		Release|Any CPU = Release|Any CPU
	EndGlobalSection
	GlobalSection(ProjectConfigurationPlatforms) = postSolution
		{88AC948E-00ED-46EB-BF39-A843E8F76981}.Debug|Any CPU.ActiveCfg = Debug|Any CPU
		{88AC948E-00ED-46EB-BF39-A843E8F76981}.Debug|Any CPU.Build.0 = Debug|Any CPU
		{88AC948E-00ED-46EB-BF39-A843E8F76981}.Release|Any CPU.ActiveCfg = Release|Any CPU
		{88AC948E-00ED-46EB-BF39-A843E8F76981}.Release|Any CPU.Build.0 = Release|Any CPU
		{A131282F-D7A3-4F8E-8614-E9EAF26009EB}.Debug|Any CPU.ActiveCfg = Debug|Any CPU
		{A131282F-D7A3-4F8E-8614-E9EAF26009EB}.Debug|Any CPU.Build.0 = Debug|Any CPU
		{A131282F-D7A3-4F8E-8614-E9EAF26009EB}.Release|Any CPU.ActiveCfg = Release|Any CPU
		{A131282F-D7A3-4F8E-8614-E9EAF26009EB}.Release|Any CPU.Build.0 = Release|Any CPU
	EndGlobalSection
	GlobalSection(SolutionProperties) = preSolution
		HideSolutionNode = FALSE
	EndGlobalSection
	GlobalSection(ExtensibilityGlobals) = postSolution
		SolutionGuid = {A791B54B-BA2E-4968-AA0C-EB69D24F537F}
	EndGlobalSection
EndGlobal
